
Microsoft Visual Studio Solution File, Format Version 12.00
# Visual Studio Version 16
VisualStudioVersion = 16.0.34601.136
MinimumVisualStudioVersion = 10.0.40219.1
Project("{FAE04EC0-301F-11D3-BF4B-00C04F79EFBC}") = "Grupo6Proyecto", "Grupo6Proyecto.csproj", "{4B9BEAA4-274D-494A-BF15-958D134526DB}"
EndProject
Global
	GlobalSection(SolutionConfigurationPlatforms) = preSolution
		Debug|Any CPU = Debug|Any CPU
		Release|Any CPU = Release|Any CPU
	EndGlobalSection
	GlobalSection(ProjectConfigurationPlatforms) = postSolution
		{4B9BEAA4-274D-494A-BF15-958D134526DB}.Debug|Any CPU.ActiveCfg = Debug|Any CPU
		{4B9BEAA4-274D-494A-BF15-958D134526DB}.Debug|Any CPU.Build.0 = Debug|Any CPU
		{4B9BEAA4-274D-494A-BF15-958D134526DB}.Release|Any CPU.ActiveCfg = Release|Any CPU
		{4B9BEAA4-274D-494A-BF15-958D134526DB}.Release|Any CPU.Build.0 = Release|Any CPU
	EndGlobalSection
	GlobalSection(SolutionProperties) = preSolution
		HideSolutionNode = FALSE
	EndGlobalSection
	GlobalSection(ExtensibilityGlobals) = postSolution
		SolutionGuid = {44DEAE5F-7249-46FC-AEA7-C4156A0CB021}
	EndGlobalSection
EndGlobal
